
Microsoft Visual Studio Solution File, Format Version 12.00
# Visual Studio 15
VisualStudioVersion = 15.0.28010.2019
MinimumVisualStudioVersion = 10.0.40219.1
Project("{8BC9CEB8-8B4A-11D0-8D11-00A0C91BC942}") = "7", "7\7.vcxproj", "{FC810288-D36F-4670-82B6-777A777AAFB3}"
EndProject
Global
	GlobalSection(SolutionConfigurationPlatforms) = preSolution
		Debug|x64 = Debug|x64
		Debug|x86 = Debug|x86
		Release|x64 = Release|x64
		Release|x86 = Release|x86
	EndGlobalSection
	GlobalSection(ProjectConfigurationPlatforms) = postSolution
		{FC810288-D36F-4670-82B6-777A777AAFB3}.Debug|x64.ActiveCfg = Debug|x64
		{FC810288-D36F-4670-82B6-777A777AAFB3}.Debug|x64.Build.0 = Debug|x64
		{FC810288-D36F-4670-82B6-777A777AAFB3}.Debug|x86.ActiveCfg = Debug|Win32
		{FC810288-D36F-4670-82B6-777A777AAFB3}.Debug|x86.Build.0 = Debug|Win32
		{FC810288-D36F-4670-82B6-777A777AAFB3}.Release|x64.ActiveCfg = Release|x64
		{FC810288-D36F-4670-82B6-777A777AAFB3}.Release|x64.Build.0 = Release|x64
		{FC810288-D36F-4670-82B6-777A777AAFB3}.Release|x86.ActiveCfg = Release|Win32
		{FC810288-D36F-4670-82B6-777A777AAFB3}.Release|x86.Build.0 = Release|Win32
	EndGlobalSection
	GlobalSection(SolutionProperties) = preSolution
		HideSolutionNode = FALSE
	EndGlobalSection
	GlobalSection(ExtensibilityGlobals) = postSolution
		SolutionGuid = {D9887EBC-3404-4707-B58A-928D04E4599B}
	EndGlobalSection
EndGlobal
